
Microsoft Visual Studio Solution File, Format Version 12.00
# Visual Studio 15
VisualStudioVersion = 15.0.28010.2036
MinimumVisualStudioVersion = 10.0.40219.1
Project("{FAE04EC0-301F-11D3-BF4B-00C04F79EFBC}") = "SchoolManagementSystem", "SchoolManagementSystem\SchoolManagementSystem.csproj", "{33B797B0-F89F-4642-A753-3FA7AE7E9921}"
EndProject
Global
	GlobalSection(SolutionConfigurationPlatforms) = preSolution
		Debug|Any CPU = Debug|Any CPU
		Release|Any CPU = Release|Any CPU
	EndGlobalSection
	GlobalSection(ProjectConfigurationPlatforms) = postSolution
		{33B797B0-F89F-4642-A753-3FA7AE7E9921}.Debug|Any CPU.ActiveCfg = Debug|Any CPU
		{33B797B0-F89F-4642-A753-3FA7AE7E9921}.Debug|Any CPU.Build.0 = Debug|Any CPU
		{33B797B0-F89F-4642-A753-3FA7AE7E9921}.Release|Any CPU.ActiveCfg = Release|Any CPU
		{33B797B0-F89F-4642-A753-3FA7AE7E9921}.Release|Any CPU.Build.0 = Release|Any CPU
	EndGlobalSection
	GlobalSection(SolutionProperties) = preSolution
		HideSolutionNode = FALSE
	EndGlobalSection
	GlobalSection(ExtensibilityGlobals) = postSolution
		SolutionGuid = {94C05972-9857-408A-9F9A-2DD3D51DD7DD}
	EndGlobalSection
EndGlobal
